<Solution>
  <Folder Name="/BuildingBlocks/">
    <Project Path="src/BuildingBlocks/FitTracker.BuildingBlocks.Core/FitTracker.BuildingBlocks.Core.csproj" />
    <Project Path="src/BuildingBlocks/FitTracker.BuildingBlocks.Infrastrucutre/FitTracker.BuildingBlocks.Infrastrucutre.csproj" Id="6e019a71-7971-44be-82b2-2c5955dec0a6" />
  </Folder>
  <Folder Name="/Modules/" />
  <Folder Name="/Modules/Chat/" />
  <Folder Name="/Modules/Cooperation/" />
  <Folder Name="/Modules/Exercises/" />
  <Folder Name="/Modules/Stakeholders/">
    <Project Path="src/Modules/Stakeholders/FitTracker.Stakeholders.Core/FitTracker.Stakeholders.Core.csproj" Id="4c57facc-2082-4824-b6e1-111d07bf2841" />
  </Folder>
  <Folder Name="/Modules/Workouts/">
    <Project Path="src/Modules/Workouts/FitTracker.Workouts.Core/FitTracker.Workouts.Core.csproj" />
  </Folder>
</Solution>
